{
  "name": "chess-js",
  "lockfileVersion": 2,
  "requires": true,
  "packages": {
    "": {
      "dependencies": {
        "chess.js": "^0.13.2"
      }
    },
    "node_modules/chess.js": {
      "version": "0.13.2",
      "resolved": "https://registry.npmjs.org/chess.js/-/chess.js-0.13.2.tgz",
      "integrity": "sha512-MVr9IfU1ZhyPMAW4BfwsgeSyB9sliREiWhpimNDZN0Q6JMmb9W0drGlUvemqheqkVGa+/FgypLv/FexUBLBTow=="
    }
  },
  "dependencies": {
    "chess.js": {
      "version": "0.13.2",
      "resolved": "https://registry.npmjs.org/chess.js/-/chess.js-0.13.2.tgz",
      "integrity": "sha512-MVr9IfU1ZhyPMAW4BfwsgeSyB9sliREiWhpimNDZN0Q6JMmb9W0drGlUvemqheqkVGa+/FgypLv/FexUBLBTow=="
    }
  }
}
